
Microsoft Visual Studio Solution File, Format Version 12.00
# Visual Studio Version 16
VisualStudioVersion = 16.0.30002.166
MinimumVisualStudioVersion = 10.0.40219.1
Project("{9A19103F-16F7-4668-BE54-9A1E7A4F7556}") = "MonthlyBillScheduler.Server", "MonthlyBillScheduler.Server\MonthlyBillScheduler.Server.csproj", "{1AA074B6-C2C8-42DB-9983-E704C1AA64E9}"
EndProject
Project("{FAE04EC0-301F-11D3-BF4B-00C04F79EFBC}") = "MonthlyBillScheduler.Domain", "MonthlyBillScheduler.Domain\MonthlyBillScheduler.Domain.csproj", "{61EAD613-2383-4702-8E90-6DF737DCA004}"
EndProject
Global
	GlobalSection(SolutionConfigurationPlatforms) = preSolution
		Debug|Any CPU = Debug|Any CPU
		Release|Any CPU = Release|Any CPU
	EndGlobalSection
	GlobalSection(ProjectConfigurationPlatforms) = postSolution
		{1AA074B6-C2C8-42DB-9983-E704C1AA64E9}.Debug|Any CPU.ActiveCfg = Debug|Any CPU
		{1AA074B6-C2C8-42DB-9983-E704C1AA64E9}.Debug|Any CPU.Build.0 = Debug|Any CPU
		{1AA074B6-C2C8-42DB-9983-E704C1AA64E9}.Release|Any CPU.ActiveCfg = Release|Any CPU
		{1AA074B6-C2C8-42DB-9983-E704C1AA64E9}.Release|Any CPU.Build.0 = Release|Any CPU
		{61EAD613-2383-4702-8E90-6DF737DCA004}.Debug|Any CPU.ActiveCfg = Debug|Any CPU
		{61EAD613-2383-4702-8E90-6DF737DCA004}.Debug|Any CPU.Build.0 = Debug|Any CPU
		{61EAD613-2383-4702-8E90-6DF737DCA004}.Release|Any CPU.ActiveCfg = Release|Any CPU
		{61EAD613-2383-4702-8E90-6DF737DCA004}.Release|Any CPU.Build.0 = Release|Any CPU
	EndGlobalSection
	GlobalSection(SolutionProperties) = preSolution
		HideSolutionNode = FALSE
	EndGlobalSection
	GlobalSection(ExtensibilityGlobals) = postSolution
		SolutionGuid = {CDAEE77C-6E6A-4455-A84E-40AC8A790360}
	EndGlobalSection
EndGlobal
